# this file was auto generated by https://github.com/likianta/poetry-extensions : `/poetry_extensions/poetry_export.py`
# file was updated at 2024-05-01 20:28:18
# use `pip` command to install: 
#   pip install -r requirements.lock --no-deps

--index-url https://pypi.tuna.tsinghua.edu.cn/simple
--extra-index-url http://likianta.pro:2006
--trusted-host likianta.pro

aliyun-python-sdk-core==2.15.1
aliyun-python-sdk-kms==2.16.2
altair==5.3.0 ; python_version >= "3.8" and python_full_version != "3.9.7" and python_version < "4.0"
anytree==2.12.1 ; python_version >= "3.8" and python_version < "4"
argsense==0.5.7
attrs==23.2.0 ; python_version >= "3.8" and python_full_version != "3.9.7" and python_version < "4.0"
blinker==1.8.0 ; python_version >= "3.8" and python_full_version != "3.9.7" and python_version < "4.0"
build==1.2.1
cachecontrol[filecache]==0.14.0
cachetools==5.3.3 ; python_version >= "3.8" and python_full_version != "3.9.7" and python_version < "4.0"
certifi==2024.2.2
cffi==1.16.0 ; platform_python_implementation != "PyPy" or sys_platform == "darwin"
charset-normalizer==3.3.2
cleo==2.1.0
click==8.1.7
colorama==0.4.6 ; platform_system == "Windows" or os_name == "nt"
conflore==0.2.1
crashtest==0.4.1
crcmod==1.7
cryptography==42.0.5
distlib==0.3.8
dulwich==0.21.7
fastjsonschema==2.19.1
filelock==3.13.4
gitdb==4.0.11 ; python_version >= "3.8" and python_full_version != "3.9.7" and python_version < "4.0"
gitpython==3.1.43 ; python_version >= "3.8" and python_full_version != "3.9.7" and python_version < "4.0"
idna==3.7
importlib-metadata==7.1.0 ; python_version >= "3.8" and python_version < "3.12"
importlib-resources==6.4.0 ; python_version >= "3.8" and python_version < "3.9"
installer==0.7.0
jaraco-classes==3.4.0
jeepney==0.8.0 ; sys_platform == "linux"
jinja2==3.1.3 ; python_version >= "3.8" and python_full_version != "3.9.7" and python_version < "4.0"
jmespath==0.10.0
jsonschema-specifications==2023.12.1 ; python_version >= "3.8" and python_full_version != "3.9.7" and python_version < "4.0"
jsonschema==4.21.1 ; python_version >= "3.8" and python_full_version != "3.9.7" and python_version < "4.0"
keyring==24.3.1
lk-logger @ http://likianta.pro:2006/lk-logger/lk_logger-5.6.5b3-py3-none-any.whl
lk-utils @ http://likianta.pro:2006/lk-utils/lk_utils-2.10.0a5-py3-none-any.whl
markdown-it-py==3.0.0
markupsafe==2.1.5 ; python_version >= "3.8" and python_full_version != "3.9.7" and python_version < "4.0"
mdurl==0.1.2
more-itertools==10.2.0
msgpack==1.0.8
numpy==1.26.4 ; python_version >= "3.9" and python_full_version != "3.9.7" and python_version < "4.0"
oss2==2.18.4
packaging==24.0
pandas==2.2.2 ; python_version >= "3.9" and python_full_version != "3.9.7" and python_version < "4.0"
pexpect==4.9.0
pillow==10.3.0 ; python_version >= "3.8" and python_full_version != "3.9.7" and python_version < "4.0"
pip==24.0
pipgrip==0.10.13
pkginfo==1.10.0
pkgutil-resolve-name==1.3.10 ; python_version >= "3.8" and python_version < "3.9"
platformdirs==4.2.1
poetry-core==1.9.0
poetry-plugin-export==1.7.1
poetry==1.8.2
protobuf==4.25.3 ; python_version >= "3.8" and python_full_version != "3.9.7" and python_version < "4.0"
ptyprocess==0.7.0
pyapp-window @ http://likianta.pro:2006/pyapp-window/pyapp_window-0.5.0a4-py3-none-any.whl
pyarrow==16.0.0 ; python_version >= "3.8" and python_full_version != "3.9.7" and python_version < "4.0"
pycparser==2.22 ; platform_python_implementation != "PyPy" or sys_platform == "darwin"
pycryptodome==3.20.0
pydeck==0.8.0 ; python_version >= "3.8" and python_full_version != "3.9.7" and python_version < "4.0"
pygments==2.17.2
pyproject-hooks==1.0.0
python-dateutil==2.9.0.post0 ; python_version >= "3.9" and python_full_version != "3.9.7" and python_version < "4.0"
pytz==2024.1 ; python_version >= "3.9" and python_full_version != "3.9.7" and python_version < "4.0"
pywin32-ctypes==0.2.2 ; sys_platform == "win32"
pyyaml==6.0.1
qmlease==3.0.4
qtpy==2.4.1
rapidfuzz==3.8.1
referencing==0.35.0 ; python_version >= "3.8" and python_full_version != "3.9.7" and python_version < "4.0"
requests-toolbelt==1.0.0
requests==2.31.0
rich==13.7.1
rpds-py==0.18.0 ; python_version >= "3.8" and python_full_version != "3.9.7" and python_version < "4.0"
secretstorage==3.3.3 ; sys_platform == "linux"
semver==3.0.2
setuptools==69.5.1
shellingham==1.5.4
six==1.16.0
smmap==5.0.1 ; python_version >= "3.8" and python_full_version != "3.9.7" and python_version < "4.0"
streamlit==1.33.0 ; python_version >= "3.8" and python_full_version != "3.9.7" and python_version < "4.0"
tenacity==8.2.3 ; python_version >= "3.8" and python_full_version != "3.9.7" and python_version < "4.0"
toasts-winrt==1.0.0 ; sys_platform == "win32"
toml==0.10.2
tomli==2.0.1 ; python_version >= "3.8" and python_version < "3.11"
tomlkit==0.12.4
toolz==0.12.1 ; python_version >= "3.8" and python_full_version != "3.9.7" and python_version < "4.0"
tornado==6.4 ; python_version >= "3.8" and python_full_version != "3.9.7" and python_version < "4.0"
trove-classifiers==2024.4.10
typing-extensions==4.11.0
tzdata==2024.1 ; python_version >= "3.9" and python_full_version != "3.9.7" and python_version < "4.0"
urllib3==2.2.1
virtualenv==20.26.0
watchdog==3.0.0 ; python_version < "3.12" or platform_system != "Darwin"
wheel==0.43.0
windows-toasts==1.0.2 ; sys_platform == "win32"
xattr==1.1.0 ; sys_platform == "darwin"
zipp==3.18.1 ; python_version >= "3.8" and python_version < "3.12"
