--trusted-host likianta.pro:2006
--extra-index-url http://likianta.pro:2006
--index-url https://pypi.tuna.tsinghua.edu.cn/simple

aliyun-python-sdk-core==2.14.0 ; python_version >= "3.10" and python_version < "4.0"
aliyun-python-sdk-kms==2.16.2 ; python_version >= "3.10" and python_version < "4.0"
argsense==0.5.6a0 ; python_version >= "3.10" and python_version < "4.0"
build==1.0.3 ; python_version >= "3.10" and python_version < "4.0"
cachecontrol[filecache]==0.13.1 ; python_version >= "3.10" and python_version < "4.0"
certifi==2023.11.17 ; python_version >= "3.10" and python_version < "4.0"
cffi==1.16.0 ; python_version >= "3.10" and python_version < "4.0"
charset-normalizer==3.3.2 ; python_version >= "3.10" and python_version < "4.0"
cleo==2.1.0 ; python_version >= "3.10" and python_version < "4.0"
colorama==0.4.6 ; python_version >= "3.10" and python_version < "4.0" and os_name == "nt"
conflore==0.2.1 ; python_version >= "3.10" and python_version < "4.0"
crashtest==0.4.1 ; python_version >= "3.10" and python_version < "4.0"
crcmod==1.7 ; python_version >= "3.10" and python_version < "4.0"
cryptography==41.0.7 ; python_version >= "3.10" and python_version < "4.0"
distlib==0.3.8 ; python_version >= "3.10" and python_version < "4.0"
dulwich==0.21.7 ; python_version >= "3.10" and python_version < "4.0"
fake-typing==0.1.1 ; python_version >= "3.10" and python_version < "4.0"
fastjsonschema==2.19.1 ; python_version >= "3.10" and python_version < "4.0"
filelock==3.13.1 ; python_version >= "3.10" and python_version < "4.0"
idna==3.6 ; python_version >= "3.10" and python_version < "4.0"
importlib-metadata==7.0.1 ; python_version >= "3.10" and python_version < "3.12"
installer==0.7.0 ; python_version >= "3.10" and python_version < "4.0"
jaraco-classes==3.3.0 ; python_version >= "3.10" and python_version < "4.0"
jeepney==0.8.0 ; python_version >= "3.10" and python_version < "4.0" and sys_platform == "linux"
jmespath==0.10.0 ; python_version >= "3.10" and python_version < "4.0"
keyring==24.3.0 ; python_version >= "3.10" and python_version < "4.0"
lambda-ex==1.1.0 ; python_version >= "3.10" and python_version < "4.0"
linkify-it-py==2.0.2 ; python_version >= "3.10" and python_version < "4.0"
lk-logger==5.6.4 ; python_version >= "3.10" and python_version < "4.0"
lk-utils==2.8.1b0 ; python_version >= "3.10" and python_version < "4.0"
markdown-it-py==3.0.0 ; python_version >= "3.10" and python_version < "4.0"
markdown-it-py[linkify,plugins]==3.0.0 ; python_version >= "3.10" and python_version < "4.0"
mdit-py-plugins==0.4.0 ; python_version >= "3.10" and python_version < "4.0"
mdurl==0.1.2 ; python_version >= "3.10" and python_version < "4.0"
more-itertools==10.1.0 ; python_version >= "3.10" and python_version < "4.0"
msgpack==1.0.7 ; python_version >= "3.10" and python_version < "4.0"
oss2==2.18.4 ; python_version >= "3.10" and python_version < "4.0"
packaging==23.2 ; python_version >= "3.10" and python_version < "4.0"
pexpect==4.9.0 ; python_version >= "3.10" and python_version < "4.0"
pip==23.3.2 ; python_version >= "3.10" and python_version < "4.0"
pkginfo==1.9.6 ; python_version >= "3.10" and python_version < "4.0"
platformdirs==3.11.0 ; python_version >= "3.10" and python_version < "4.0"
poetry-core==1.8.1 ; python_version >= "3.10" and python_version < "4.0"
poetry-plugin-export==1.6.0 ; python_version >= "3.10" and python_version < "4.0"
poetry==1.7.1 ; python_version >= "3.10" and python_version < "4.0"
ptyprocess==0.7.0 ; python_version >= "3.10" and python_version < "4.0"
pycparser==2.21 ; python_version >= "3.10" and python_version < "4.0"
pycryptodome==3.19.1 ; python_version >= "3.10" and python_version < "4.0"
pygments==2.17.2 ; python_version >= "3.10" and python_version < "4.0"
pyproject-hooks==1.0.0 ; python_version >= "3.10" and python_version < "4.0"
pyside6-addons==6.4.3 ; python_version >= "3.10" and python_version < "3.12"
pyside6-addons==6.6.1 ; python_version == "3.12"
pyside6-essentials==6.4.3 ; python_version >= "3.10" and python_version < "3.12"
pyside6-essentials==6.6.1 ; python_version == "3.12"
pyside6==6.4.3 ; python_version >= "3.10" and python_version < "3.12"
pyside6==6.6.1 ; python_version == "3.12"
pywin32-ctypes==0.2.2 ; python_version >= "3.10" and python_version < "4.0" and sys_platform == "win32"
pyyaml==6.0.1 ; python_version >= "3.10" and python_version < "4.0"
qmlease==3.0.3 ; python_version >= "3.10" and python_version < "4.0"
qtpy==2.4.1 ; python_version >= "3.10" and python_version < "4.0"
rapidfuzz==3.6.1 ; python_version >= "3.10" and python_version < "4.0"
requests-toolbelt==1.0.0 ; python_version >= "3.10" and python_version < "4.0"
requests==2.31.0 ; python_version >= "3.10" and python_version < "4.0"
rich==13.7.0 ; python_version >= "3.10" and python_version < "4.0"
secretstorage==3.3.3 ; python_version >= "3.10" and python_version < "4.0" and sys_platform == "linux"
semver==3.0.2 ; python_version >= "3.10" and python_version < "4.0"
shellingham==1.5.4 ; python_version >= "3.10" and python_version < "4.0"
shiboken6==6.4.3 ; python_version >= "3.10" and python_version < "3.12"
shiboken6==6.6.1 ; python_version == "3.12"
six==1.16.0 ; python_version >= "3.10" and python_version < "4.0"
textual==0.46.0 ; python_version >= "3.10" and python_version < "4.0"
toasts-winrt==1.0.0 ; python_version >= "3.10" and python_version < "4.0" and sys_platform == "win32"
tomli==2.0.1 ; python_version >= "3.10" and python_version < "3.11"
tomlkit==0.12.3 ; python_version >= "3.10" and python_version < "4.0"
trove-classifiers==2023.11.29 ; python_version >= "3.10" and python_version < "4.0"
typing-extensions==4.9.0 ; python_version >= "3.10" and python_version < "4.0"
uc-micro-py==1.0.2 ; python_version >= "3.10" and python_version < "4.0"
urllib3==2.1.0 ; python_version >= "3.10" and python_version < "4.0"
virtualenv==20.25.0 ; python_version >= "3.10" and python_version < "4.0"
windows-toasts==1.0.1 ; python_version >= "3.10" and python_version < "4.0" and sys_platform == "win32"
xattr==0.10.1 ; python_version >= "3.10" and python_version < "4.0" and sys_platform == "darwin"
zipp==3.17.0 ; python_version >= "3.10" and python_version < "3.12"
