# this file was auto generated by `poetry_extensions/poetry_export.py`
# file was updated at 2024-01-18 11:39:48
# use `pip` command to install: 
#   pip install -r requirements.lock --no-deps

--index-url https://pypi.tuna.tsinghua.edu.cn/simple
--extra-index-url http://likianta.pro:2006
--trusted-host likianta.pro

aliyun-python-sdk-core==2.14.0
aliyun-python-sdk-kms==2.16.2
argsense @ http://likianta.pro:2006/argsense/argsense-0.5.6a0-py3-none-any.whl
build==1.0.3
cachecontrol[filecache]==0.13.1
certifi==2023.11.17
cffi==1.16.0
charset-normalizer==3.3.2
cleo==2.1.0
colorama==0.4.6 ; os_name == "nt"
conflore==0.2.1
crashtest==0.4.1
crcmod==1.7
cryptography==41.0.7
distlib==0.3.8
dulwich==0.21.7
fake-typing @ http://likianta.pro:2006/fake-typing/fake_typing-0.1.1-py3-none-any.whl
fastjsonschema==2.19.1
filelock==3.13.1
idna==3.6
importlib-metadata==7.0.1 ; python_version >= "3.10" and python_version < "3.12"
installer==0.7.0
jaraco-classes==3.3.0
jeepney==0.8.0 ; sys_platform == "linux"
jmespath==0.10.0
keyring==24.3.0
lambda-ex==1.1.0
linkify-it-py==2.0.2
lk-logger @ http://likianta.pro:2006/lk-logger/lk_logger-5.6.5b0-py3-none-any.whl
lk-utils @ http://likianta.pro:2006/lk-utils/lk_utils-2.8.1b0-py3-none-any.whl
markdown-it-py==3.0.0
markdown-it-py[linkify,plugins]==3.0.0
mdit-py-plugins==0.4.0
mdurl==0.1.2
more-itertools==10.2.0
msgpack==1.0.7
oss2==2.18.4
packaging==23.2
pexpect==4.9.0
pip==23.3.2
pkginfo==1.9.6
platformdirs==3.11.0
poetry-core==1.8.1
poetry-plugin-export==1.6.0
poetry==1.7.1
ptyprocess==0.7.0
pycparser==2.21
pycryptodome==3.19.1
pygments==2.17.2
pyproject-hooks==1.0.0
pyside6-addons==6.4.3 ; python_version >= "3.10" and python_version < "3.12"
pyside6-essentials==6.4.3 ; python_version >= "3.10" and python_version < "3.12"
pyside6==6.4.3 ; python_version >= "3.10" and python_version < "3.12"
pywin32-ctypes==0.2.2 ; sys_platform == "win32"
pyyaml==6.0.1
qmlease==3.0.3
qtpy==2.4.1
rapidfuzz==3.6.1
requests-toolbelt==1.0.0
requests==2.31.0
rich==13.7.0
secretstorage==3.3.3 ; sys_platform == "linux"
semver==3.0.2
shellingham==1.5.4
shiboken6==6.4.3 ; python_version >= "3.10" and python_version < "3.12"
six==1.16.0
textual==0.47.1
toasts-winrt==1.0.0 ; sys_platform == "win32"
toml==0.10.2
tomli==2.0.1 ; python_version >= "3.10" and python_version < "3.11"
tomlkit==0.12.3
trove-classifiers==2024.1.8
typing-extensions==4.9.0
uc-micro-py==1.0.2
urllib3==2.1.0
virtualenv==20.25.0
windows-toasts==1.0.2 ; sys_platform == "win32"
xattr==0.10.1 ; sys_platform == "darwin"
zipp==3.17.0 ; python_version >= "3.10" and python_version < "3.12"
