--index-url https://mirrors.tuna.tsinghua.edu.cn/pypi/web/simple

aliyun-python-sdk-core==2.14.0 ; python_version >= "3.10" and python_version < "4.0"
aliyun-python-sdk-kms==2.16.2 ; python_version >= "3.10" and python_version < "4.0"
argsense==0.5.3 ; python_version >= "3.10" and python_version < "4.0"
certifi==2023.7.22 ; python_version >= "3.10" and python_version < "4.0"
cffi==1.16.0 ; python_version >= "3.10" and python_version < "4.0"
charset-normalizer==3.3.0 ; python_version >= "3.10" and python_version < "4.0"
conflore==0.2.1 ; python_version >= "3.10" and python_version < "4.0"
crcmod==1.7 ; python_version >= "3.10" and python_version < "4.0"
cryptography==41.0.4 ; python_version >= "3.10" and python_version < "4.0"
idna==3.4 ; python_version >= "3.10" and python_version < "4.0"
importlib-metadata==6.8.0 ; python_version >= "3.10" and python_version < "4.0"
jmespath==0.10.0 ; python_version >= "3.10" and python_version < "4.0"
lambda-ex==1.1.0 ; python_version >= "3.10" and python_version < "4.0"
linkify-it-py==2.0.2 ; python_version >= "3.10" and python_version < "4.0"
lk-logger @ http://likianta.pro:2006/lk-logger/lk_logger-5.7.0a10-py3-none-any.whl ; python_version >= "3.10" and python_version < "4.0"
lk-utils @ http://likianta.pro:2006/lk-utils/lk_utils-2.7.0a8-py3-none-any.whl ; python_version >= "3.10" and python_version < "4.0"
markdown-it-py==3.0.0 ; python_version >= "3.10" and python_version < "4.0"
markdown-it-py[linkify,plugins]==3.0.0 ; python_version >= "3.10" and python_version < "4.0"
mdit-py-plugins==0.4.0 ; python_version >= "3.10" and python_version < "4.0"
mdurl==0.1.2 ; python_version >= "3.10" and python_version < "4.0"
objprint==0.2.3 ; python_version >= "3.10" and python_version < "4.0"
oss2==2.18.2 ; python_version >= "3.10" and python_version < "4.0"
packaging==23.2 ; python_version >= "3.10" and python_version < "4.0"
pycparser==2.21 ; python_version >= "3.10" and python_version < "4.0"
pycryptodome==3.19.0 ; python_version >= "3.10" and python_version < "4.0"
pygments==2.16.1 ; python_version >= "3.10" and python_version < "4.0"
pyyaml==6.0.1 ; python_version >= "3.10" and python_version < "4.0"
qmlease @ http://likianta.pro:2006/qmlease/qmlease-3.1.0a16-py3-none-any.whl ; python_version >= "3.10" and python_version < "4.0"
qtpy==2.4.0 ; python_version >= "3.10" and python_version < "4.0"
requests==2.31.0 ; python_version >= "3.10" and python_version < "4.0"
rich==13.6.0 ; python_version >= "3.10" and python_version < "4.0"
semver==3.0.1 ; python_version >= "3.10" and python_version < "4.0"
six==1.16.0 ; python_version >= "3.10" and python_version < "4.0"
textual==0.38.1 ; python_version >= "3.10" and python_version < "4.0"
tree-sitter-languages==1.7.0 ; python_version >= "3.10" and python_version < "4.0"
tree-sitter==0.20.2 ; python_version >= "3.10" and python_version < "4.0"
typing-extensions==4.8.0 ; python_version >= "3.10" and python_version < "4.0"
uc-micro-py==1.0.2 ; python_version >= "3.10" and python_version < "4.0"
urllib3==2.0.6 ; python_version >= "3.10" and python_version < "4.0"
watchdog==3.0.0 ; python_version >= "3.10" and python_version < "4.0"
zipp==3.17.0 ; python_version >= "3.10" and python_version < "4.0"
