aliyun-python-sdk-core==2.13.36
aliyun-python-sdk-kms==2.16.1
argsense==0.5.2
attrs==23.1.0
autoflake==2.2.0
autopep8==2.0.4
black==23.7.0
build==0.10.0
CacheControl==0.13.1
certifi==2023.7.22
cffi==1.15.1
charset-normalizer==3.2.0
cleo==2.0.1
click==8.1.7
conflore==0.2.1
crashtest==0.4.1
crcmod==1.7
cryptography==41.0.3
distlib==0.3.7
dulwich==0.21.5
fake-typing @ http://likianta.pro:2006/fake-typing/fake_typing-0.1.0b4-py3-none-any.whl
filelock==3.12.2
icnsutil==1.1.0
idna==3.4
importlib-metadata==6.8.0
installer==0.7.0
isort==5.12.0
jaraco.classes==3.3.0
jeepney==0.8.0
jmespath==0.10.0
jsonschema==4.17.3
keyring==24.2.0
lambda-ex==1.1.0
libcst==1.0.1
lk-logger @ http://likianta.pro:2006/lk-logger/lk_logger-5.7.0a9-py3-none-any.whl
lk-utils @ http://likianta.pro:2006/lk-utils/lk_utils-2.6.1b0-py3-none-any.whl
lkfmt @ http://likianta.pro:2006/lkfmt/lkfmt-0.3.0a17-py3-none-any.whl
markdown-it-py==3.0.0
mdurl==0.1.2
more-itertools==10.1.0
msgpack==1.0.5
mypy-extensions==1.0.0
objprint==0.2.2
oss2==2.18.1
packaging==23.1
pathspec==0.11.2
pexpect==4.8.0
Pillow==10.0.0
pkginfo==1.9.6
platformdirs==3.10.0
poetry==1.6.1
poetry-core==1.7.0
poetry-plugin-export==1.5.0
ptyprocess==0.7.0
pycodestyle==2.11.0
pycparser==2.21
pycryptodome==3.18.0
pyflakes==3.1.0
Pygments==2.16.1
pyproject_hooks==1.0.0
pyrsistent==0.19.3
PySide6==6.4.3
PySide6-Addons==6.4.3
PySide6-Essentials==6.4.3
PyYAML==6.0.1
qmlease==3.0.3
QtPy==2.3.1
rapidfuzz==2.15.1
requests==2.31.0
requests-toolbelt==1.0.0
rich==13.5.2
SecretStorage==3.3.3
semver==3.0.1
shellingham==1.5.3
shiboken6==6.4.3
six==1.16.0
tomli==2.0.1
tomlkit==0.12.1
trove-classifiers==2023.8.7
typing-inspect==0.9.0
typing_extensions==4.7.1
urllib3==2.0.4
virtualenv==20.24.3
yapf==0.40.1
zipp==3.16.2
