# This file was auto generated by pyproject-manager.
# File was updated at 2026.09.03 11:45:31
# Use pip to install:
#   pip install -U -r requirements.lock --no-deps

--index-url https://pypi.tuna.tsinghua.edu.cn/simple
--extra-index-url http://172.20.128.100:2131
--trusted-host 172.20.128.100

aiohappyeyeballs==2.7.1
    # via aiohttp
aiohttp==3.14.3
    # via airmise
aiosignal==1.4.0
    # via aiohttp
airmise @ http://172.20.128.100:2131/airmise/airmise-3.2.0b1-py3-none-any.whl
    # via depsland-updater
argsense==1.1.2
    # via
    #   airmise
    #   depsland-updater
    #   lk-utils
    #   pyapp-window
attrs==26.1.0
    # via aiohttp
bottle==0.13.4 ; python_full_version >= '3.12' and python_full_version < '3.15' and sys_platform == 'linux'
    # via pywebview
certifi==2026.7.22 ; python_full_version >= '3.12' or sys_platform == 'win32'
    # via requests
cffi==2.1.1 ; python_full_version < '3.15' and sys_platform == 'win32'
    # via clr-loader
charset-normalizer==3.5.1 ; python_full_version >= '3.12' or sys_platform == 'win32'
    # via requests
clr-loader==0.3.1 ; python_full_version < '3.15' and sys_platform == 'win32'
    # via pythonnet
fonttools==4.63.0 ; (python_full_version >= '3.12' and python_full_version < '3.15' and sys_platform == 'darwin') or (python_full_version >= '3.12' and python_full_version < '3.15' and sys_platform == 'ios')
    # via
    #   toga-cocoa
    #   toga-ios
frozenlist==1.8.0
    # via
    #   aiohttp
    #   aiosignal
idna==3.19
    # via
    #   requests
    #   yarl
lk-utils @ http://172.20.128.100:2131/lk-utils/lk_utils-3.8.1a1-py3-none-any.whl
    # via
    #   airmise
    #   pyapp-window
markdown-it-py==4.2.0
    # via rich
mdurl==0.1.2
    # via markdown-it-py
multidict==6.7.1
    # via
    #   aiohttp
    #   yarl
neoprint @ http://172.20.128.100:2131/neoprint/neoprint-0.1.10b0-py3-none-any.whl
    # via
    #   airmise
    #   argsense
    #   depsland-updater
    #   lk-utils
packaging==26.3 ; (python_full_version >= '3.12' and python_full_version < '3.15' and sys_platform == 'darwin') or (python_full_version >= '3.12' and python_full_version < '3.15' and sys_platform != 'linux' and 'freebsd' in sys_platform) or (python_full_version < '3.15' and sys_platform == 'win32' and 'freebsd' in sys_platform)
    # via
    #   toga-cocoa
    #   toga-gtk
pillow==12.3.0 ; python_full_version < '3.15' and sys_platform == 'win32'
    # via toga-winforms
propcache==0.5.2
    # via
    #   aiohttp
    #   yarl
proxy-tools==0.1.0 ; python_full_version >= '3.12' and python_full_version < '3.15' and sys_platform == 'linux'
    # via pywebview
psutil==7.2.2
    # via lk-utils
pyapp-window @ http://172.20.128.100:2131/pyapp-window/pyapp_window-2.2.3-py3-none-any.whl
    # via depsland-updater
pycairo==1.29.1 ; (python_full_version >= '3.12' and python_full_version < '3.15' and sys_platform != 'linux' and 'freebsd' in sys_platform) or (python_full_version < '3.15' and sys_platform == 'win32' and 'freebsd' in sys_platform)
    # via
    #   pygobject
    #   toga-gtk
pycparser==3.0 ; python_full_version < '3.15' and implementation_name != 'PyPy' and sys_platform == 'win32'
    # via cffi
pygments==2.21.0
    # via rich
pygobject==3.58.0 ; (python_full_version >= '3.12' and python_full_version < '3.15' and sys_platform != 'linux' and 'freebsd' in sys_platform) or (python_full_version < '3.15' and sys_platform == 'win32' and 'freebsd' in sys_platform)
    # via toga-gtk
pyperclip==1.11.0
pythonnet==3.1.0 ; python_full_version < '3.15' and sys_platform == 'win32'
    # via
    #   pyapp-window
    #   toga-winforms
pywebview==6.2.1 ; python_full_version >= '3.12' and python_full_version < '3.15' and sys_platform == 'linux'
    # via pyapp-window
pyyaml==6.0.3
    # via lk-utils
requests==2.34.2 ; python_full_version >= '3.12' or sys_platform == 'win32'
    # via pyapp-window
rich==15.0.0
    # via
    #   argsense
    #   lk-utils
    #   neoprint
rubicon-objc==0.5.6 ; (python_full_version >= '3.12' and python_full_version < '3.15' and sys_platform == 'darwin') or (python_full_version >= '3.12' and python_full_version < '3.15' and sys_platform == 'ios')
    # via
    #   toga-cocoa
    #   toga-ios
toga==0.5.6 ; (python_full_version >= '3.12' and python_full_version < '3.15' and sys_platform != 'linux') or (python_full_version < '3.15' and sys_platform == 'win32')
    # via pyapp-window
toga-android==0.5.6 ; python_full_version >= '3.12' and python_full_version < '3.15' and sys_platform == 'android'
    # via toga
toga-cocoa==0.5.6 ; python_full_version >= '3.12' and python_full_version < '3.15' and sys_platform == 'darwin'
    # via toga
toga-core==0.5.6 ; (python_full_version >= '3.12' and python_full_version < '3.15' and sys_platform == 'android') or (python_full_version >= '3.12' and python_full_version < '3.15' and sys_platform == 'darwin') or (python_full_version >= '3.12' and python_full_version < '3.15' and sys_platform == 'emscripten') or (python_full_version >= '3.12' and python_full_version < '3.15' and sys_platform == 'ios') or (python_full_version >= '3.12' and python_full_version < '3.15' and sys_platform != 'linux' and 'freebsd' in sys_platform) or (python_full_version < '3.15' and sys_platform == 'win32')
    # via
    #   toga-android
    #   toga-cocoa
    #   toga-gtk
    #   toga-ios
    #   toga-web
    #   toga-winforms
toga-gtk==0.5.6 ; (python_full_version >= '3.12' and python_full_version < '3.15' and sys_platform != 'linux' and 'freebsd' in sys_platform) or (python_full_version < '3.15' and sys_platform == 'win32' and 'freebsd' in sys_platform)
    # via toga
toga-ios==0.5.6 ; python_full_version >= '3.12' and python_full_version < '3.15' and sys_platform == 'ios'
    # via toga
toga-web==0.5.6 ; python_full_version >= '3.12' and python_full_version < '3.15' and sys_platform == 'emscripten'
    # via toga
toga-winforms==0.5.6 ; python_full_version < '3.15' and sys_platform == 'win32'
    # via toga
travertino==0.5.6 ; (python_full_version >= '3.12' and python_full_version < '3.15' and sys_platform == 'android') or (python_full_version >= '3.12' and python_full_version < '3.15' and sys_platform == 'darwin') or (python_full_version >= '3.12' and python_full_version < '3.15' and sys_platform == 'emscripten') or (python_full_version >= '3.12' and python_full_version < '3.15' and sys_platform == 'ios') or (python_full_version >= '3.12' and python_full_version < '3.15' and sys_platform != 'linux' and 'freebsd' in sys_platform) or (python_full_version < '3.15' and sys_platform == 'win32')
    # via toga-core
typing-extensions==4.16.0 ; (python_full_version >= '3.12' and python_full_version < '3.15' and sys_platform == 'linux') or (python_full_version < '3.13' and sys_platform == 'win32') or (python_full_version == '3.12.*' and sys_platform != 'linux' and sys_platform != 'win32')
    # via
    #   aiohttp
    #   aiosignal
    #   pywebview
urllib3==2.7.0 ; python_full_version >= '3.12' or sys_platform == 'win32'
    # via requests
yarl==1.24.5
    # via aiohttp
